
Microsoft Visual Studio Solution File, Format Version 12.00
# Visual Studio Version 16
VisualStudioVersion = 16.0.30413.136
MinimumVisualStudioVersion = 10.0.40219.1
Project("{FAE04EC0-301F-11D3-BF4B-00C04F79EFBC}") = "FirstBinarySearchImplementation", "FirstBinarySearchImplementation\FirstBinarySearchImplementation.csproj", "{2A598D56-407F-4581-B253-CF45D2914E8D}"
EndProject
Global
	GlobalSection(SolutionConfigurationPlatforms) = preSolution
		Debug|Any CPU = Debug|Any CPU
		Release|Any CPU = Release|Any CPU
	EndGlobalSection
	GlobalSection(ProjectConfigurationPlatforms) = postSolution
		{2A598D56-407F-4581-B253-CF45D2914E8D}.Debug|Any CPU.ActiveCfg = Debug|Any CPU
		{2A598D56-407F-4581-B253-CF45D2914E8D}.Debug|Any CPU.Build.0 = Debug|Any CPU
		{2A598D56-407F-4581-B253-CF45D2914E8D}.Release|Any CPU.ActiveCfg = Release|Any CPU
		{2A598D56-407F-4581-B253-CF45D2914E8D}.Release|Any CPU.Build.0 = Release|Any CPU
	EndGlobalSection
	GlobalSection(SolutionProperties) = preSolution
		HideSolutionNode = FALSE
	EndGlobalSection
	GlobalSection(ExtensibilityGlobals) = postSolution
		SolutionGuid = {72680341-FF63-421C-98C1-4A291F91D722}
	EndGlobalSection
EndGlobal
