
Microsoft Visual Studio Solution File, Format Version 12.00
# Visual Studio Version 16
VisualStudioVersion = 16.0.30804.86
MinimumVisualStudioVersion = 10.0.40219.1
Project("{FAE04EC0-301F-11D3-BF4B-00C04F79EFBC}") = "Calculator", "Calculator\Calculator.csproj", "{7367271A-F3E9-42A0-BE66-03EFA7E09397}"
EndProject
Global
	GlobalSection(SolutionConfigurationPlatforms) = preSolution
		Debug|Any CPU = Debug|Any CPU
		Release|Any CPU = Release|Any CPU
	EndGlobalSection
	GlobalSection(ProjectConfigurationPlatforms) = postSolution
		{7367271A-F3E9-42A0-BE66-03EFA7E09397}.Debug|Any CPU.ActiveCfg = Debug|Any CPU
		{7367271A-F3E9-42A0-BE66-03EFA7E09397}.Debug|Any CPU.Build.0 = Debug|Any CPU
		{7367271A-F3E9-42A0-BE66-03EFA7E09397}.Release|Any CPU.ActiveCfg = Release|Any CPU
		{7367271A-F3E9-42A0-BE66-03EFA7E09397}.Release|Any CPU.Build.0 = Release|Any CPU
	EndGlobalSection
	GlobalSection(SolutionProperties) = preSolution
		HideSolutionNode = FALSE
	EndGlobalSection
	GlobalSection(ExtensibilityGlobals) = postSolution
		SolutionGuid = {DADC003C-4B71-4546-866E-9C7A627B79D5}
	EndGlobalSection
EndGlobal
