
Microsoft Visual Studio Solution File, Format Version 12.00
# Visual Studio Version 16
VisualStudioVersion = 16.0.30320.27
MinimumVisualStudioVersion = 10.0.40219.1
Project("{FAE04EC0-301F-11D3-BF4B-00C04F79EFBC}") = "SimpleImageManipulatorMVCApp", "SimpleImageManipulatorMVCApp\SimpleImageManipulatorMVCApp.csproj", "{93B595CE-E694-40B9-831C-74836A88C8D6}"
EndProject
Project("{FAE04EC0-301F-11D3-BF4B-00C04F79EFBC}") = "Model", "Model\Model.csproj", "{0FE0D616-13BD-4FDB-B427-815AA1E59CF1}"
EndProject
Global
	GlobalSection(SolutionConfigurationPlatforms) = preSolution
		Debug|Any CPU = Debug|Any CPU
		Release|Any CPU = Release|Any CPU
	EndGlobalSection
	GlobalSection(ProjectConfigurationPlatforms) = postSolution
		{93B595CE-E694-40B9-831C-74836A88C8D6}.Debug|Any CPU.ActiveCfg = Debug|Any CPU
		{93B595CE-E694-40B9-831C-74836A88C8D6}.Debug|Any CPU.Build.0 = Debug|Any CPU
		{93B595CE-E694-40B9-831C-74836A88C8D6}.Release|Any CPU.ActiveCfg = Release|Any CPU
		{93B595CE-E694-40B9-831C-74836A88C8D6}.Release|Any CPU.Build.0 = Release|Any CPU
		{0FE0D616-13BD-4FDB-B427-815AA1E59CF1}.Debug|Any CPU.ActiveCfg = Debug|Any CPU
		{0FE0D616-13BD-4FDB-B427-815AA1E59CF1}.Debug|Any CPU.Build.0 = Debug|Any CPU
		{0FE0D616-13BD-4FDB-B427-815AA1E59CF1}.Release|Any CPU.ActiveCfg = Release|Any CPU
		{0FE0D616-13BD-4FDB-B427-815AA1E59CF1}.Release|Any CPU.Build.0 = Release|Any CPU
	EndGlobalSection
	GlobalSection(SolutionProperties) = preSolution
		HideSolutionNode = FALSE
	EndGlobalSection
	GlobalSection(ExtensibilityGlobals) = postSolution
		SolutionGuid = {37E854CF-F0D8-4302-B855-D0231F5F61A1}
	EndGlobalSection
EndGlobal
