
Microsoft Visual Studio Solution File, Format Version 12.00
# Visual Studio Version 16
VisualStudioVersion = 16.0.30320.27
MinimumVisualStudioVersion = 10.0.40219.1
Project("{FAE04EC0-301F-11D3-BF4B-00C04F79EFBC}") = "SimpleImageManipulatorMVCApp", "SimpleImageManipulatorMVCApp\SimpleImageManipulatorMVCApp.csproj", "{93B595CE-E694-40B9-831C-74836A88C8D6}"
EndProject
Project("{FAE04EC0-301F-11D3-BF4B-00C04F79EFBC}") = "View", "View\View.csproj", "{3F3F1342-6869-4143-B03E-794A5DDF4B02}"
EndProject
Project("{FAE04EC0-301F-11D3-BF4B-00C04F79EFBC}") = "Model", "Model\Model.csproj", "{0F4FC191-F901-4551-845A-E6BA474F6EDB}"
EndProject
Project("{FAE04EC0-301F-11D3-BF4B-00C04F79EFBC}") = "ControllerLibrary", "ControllerLibrary\ControllerLibrary.csproj", "{B9BDA02B-1585-461B-93C1-06B429751EBF}"
EndProject
Global
	GlobalSection(SolutionConfigurationPlatforms) = preSolution
		Debug|Any CPU = Debug|Any CPU
		Release|Any CPU = Release|Any CPU
	EndGlobalSection
	GlobalSection(ProjectConfigurationPlatforms) = postSolution
		{93B595CE-E694-40B9-831C-74836A88C8D6}.Debug|Any CPU.ActiveCfg = Debug|Any CPU
		{93B595CE-E694-40B9-831C-74836A88C8D6}.Debug|Any CPU.Build.0 = Debug|Any CPU
		{93B595CE-E694-40B9-831C-74836A88C8D6}.Release|Any CPU.ActiveCfg = Release|Any CPU
		{93B595CE-E694-40B9-831C-74836A88C8D6}.Release|Any CPU.Build.0 = Release|Any CPU
		{3F3F1342-6869-4143-B03E-794A5DDF4B02}.Debug|Any CPU.ActiveCfg = Debug|Any CPU
		{3F3F1342-6869-4143-B03E-794A5DDF4B02}.Debug|Any CPU.Build.0 = Debug|Any CPU
		{3F3F1342-6869-4143-B03E-794A5DDF4B02}.Release|Any CPU.ActiveCfg = Release|Any CPU
		{3F3F1342-6869-4143-B03E-794A5DDF4B02}.Release|Any CPU.Build.0 = Release|Any CPU
		{0F4FC191-F901-4551-845A-E6BA474F6EDB}.Debug|Any CPU.ActiveCfg = Debug|Any CPU
		{0F4FC191-F901-4551-845A-E6BA474F6EDB}.Debug|Any CPU.Build.0 = Debug|Any CPU
		{0F4FC191-F901-4551-845A-E6BA474F6EDB}.Release|Any CPU.ActiveCfg = Release|Any CPU
		{0F4FC191-F901-4551-845A-E6BA474F6EDB}.Release|Any CPU.Build.0 = Release|Any CPU
		{B9BDA02B-1585-461B-93C1-06B429751EBF}.Debug|Any CPU.ActiveCfg = Debug|Any CPU
		{B9BDA02B-1585-461B-93C1-06B429751EBF}.Debug|Any CPU.Build.0 = Debug|Any CPU
		{B9BDA02B-1585-461B-93C1-06B429751EBF}.Release|Any CPU.ActiveCfg = Release|Any CPU
		{B9BDA02B-1585-461B-93C1-06B429751EBF}.Release|Any CPU.Build.0 = Release|Any CPU
	EndGlobalSection
	GlobalSection(SolutionProperties) = preSolution
		HideSolutionNode = FALSE
	EndGlobalSection
	GlobalSection(ExtensibilityGlobals) = postSolution
		SolutionGuid = {37E854CF-F0D8-4302-B855-D0231F5F61A1}
	EndGlobalSection
EndGlobal
